
Microsoft Visual Studio Solution File, Format Version 12.00
# Visual Studio Version 17
VisualStudioVersion = 17.5.33530.505
MinimumVisualStudioVersion = 10.0.40219.1
Project("{9A19103F-16F7-4668-BE54-9A1E7A4F7556}") = "FFmpegWrapper", "FFmpegWrapper\FFmpegWrapper.csproj", "{9578B111-CD3D-44BA-8336-699884530A0C}"
EndProject
Project("{FAE04EC0-301F-11D3-BF4B-00C04F79EFBC}") = "FFmpegWrapper.Tests", "FFmpegWrapper.Tests\FFmpegWrapper.Tests.csproj", "{EA152E81-649B-4887-BB3E-16DF936036B4}"
EndProject
Project("{FAE04EC0-301F-11D3-BF4B-00C04F79EFBC}") = "AVEncode", "Samples\AVEncode\AVEncode.csproj", "{0813F901-0504-489D-AB8D-128B8EE4485C}"
EndProject
Project("{2150E333-8FDC-42A3-9474-1A3956D46DE8}") = "Samples", "Samples", "{3405D988-1D8F-40D1-A490-310A539EC88B}"
EndProject
Project("{FAE04EC0-301F-11D3-BF4B-00C04F79EFBC}") = "AVFiltering", "Samples\AVFiltering\AVFiltering.csproj", "{5500B16D-49BC-49E1-BEB9-761CDA8172CE}"
EndProject
Project("{FAE04EC0-301F-11D3-BF4B-00C04F79EFBC}") = "AVTranscode", "Samples\AVTranscode\AVTranscode.csproj", "{DDE79C12-422C-45C0-B879-3C28DC93BFB4}"
EndProject
Project("{FAE04EC0-301F-11D3-BF4B-00C04F79EFBC}") = "DecodeFilterVideo", "Samples\DecodeFilterVideo\DecodeFilterVideo.csproj", "{2F61C0C3-FD28-41C4-A876-7FE859247105}"
EndProject
Project("{FAE04EC0-301F-11D3-BF4B-00C04F79EFBC}") = "FrameExtractor", "Samples\FrameExtractor\FrameExtractor.csproj", "{8AA6767B-E0B5-4151-B918-E8A65C7AD241}"
EndProject
Project("{FAE04EC0-301F-11D3-BF4B-00C04F79EFBC}") = "GLPlayer", "Samples\GLPlayer\GLPlayer.csproj", "{A73D6535-E761-4F5C-97AC-47BD66F1209A}"
EndProject
Project("{FAE04EC0-301F-11D3-BF4B-00C04F79EFBC}") = "HWEncode", "Samples\HWEncode\HWEncode.csproj", "{003871D9-A97A-46F2-80AD-576DB06613C3}"
EndProject
Project("{FAE04EC0-301F-11D3-BF4B-00C04F79EFBC}") = "Remux", "Samples\Remux\Remux.csproj", "{C219E179-1032-4836-8077-F648AC17B026}"
EndProject
Project("{FAE04EC0-301F-11D3-BF4B-00C04F79EFBC}") = "ScreenCap", "Samples\ScreenCap\ScreenCap.csproj", "{74D7AF51-9D93-494A-9B4A-C700E92ED875}"
EndProject
Project("{FAE04EC0-301F-11D3-BF4B-00C04F79EFBC}") = "SkiaInterop", "Samples\SkiaInterop\SkiaInterop.csproj", "{666F9C5C-46EC-4788-B4E3-32D751C12858}"
EndProject
Global
	GlobalSection(SolutionConfigurationPlatforms) = preSolution
		Debug|Any CPU = Debug|Any CPU
		Release|Any CPU = Release|Any CPU
	EndGlobalSection
	GlobalSection(ProjectConfigurationPlatforms) = postSolution
		{9578B111-CD3D-44BA-8336-699884530A0C}.Debug|Any CPU.ActiveCfg = Debug|Any CPU
		{9578B111-CD3D-44BA-8336-699884530A0C}.Debug|Any CPU.Build.0 = Debug|Any CPU
		{9578B111-CD3D-44BA-8336-699884530A0C}.Release|Any CPU.ActiveCfg = Release|Any CPU
		{9578B111-CD3D-44BA-8336-699884530A0C}.Release|Any CPU.Build.0 = Release|Any CPU
		{EA152E81-649B-4887-BB3E-16DF936036B4}.Debug|Any CPU.ActiveCfg = Debug|Any CPU
		{EA152E81-649B-4887-BB3E-16DF936036B4}.Debug|Any CPU.Build.0 = Debug|Any CPU
		{EA152E81-649B-4887-BB3E-16DF936036B4}.Release|Any CPU.ActiveCfg = Release|Any CPU
		{EA152E81-649B-4887-BB3E-16DF936036B4}.Release|Any CPU.Build.0 = Release|Any CPU
		{0813F901-0504-489D-AB8D-128B8EE4485C}.Debug|Any CPU.ActiveCfg = Debug|Any CPU
		{0813F901-0504-489D-AB8D-128B8EE4485C}.Debug|Any CPU.Build.0 = Debug|Any CPU
		{0813F901-0504-489D-AB8D-128B8EE4485C}.Release|Any CPU.ActiveCfg = Release|Any CPU
		{0813F901-0504-489D-AB8D-128B8EE4485C}.Release|Any CPU.Build.0 = Release|Any CPU
		{5500B16D-49BC-49E1-BEB9-761CDA8172CE}.Debug|Any CPU.ActiveCfg = Debug|Any CPU
		{5500B16D-49BC-49E1-BEB9-761CDA8172CE}.Debug|Any CPU.Build.0 = Debug|Any CPU
		{5500B16D-49BC-49E1-BEB9-761CDA8172CE}.Release|Any CPU.ActiveCfg = Release|Any CPU
		{5500B16D-49BC-49E1-BEB9-761CDA8172CE}.Release|Any CPU.Build.0 = Release|Any CPU
		{DDE79C12-422C-45C0-B879-3C28DC93BFB4}.Debug|Any CPU.ActiveCfg = Debug|Any CPU
		{DDE79C12-422C-45C0-B879-3C28DC93BFB4}.Debug|Any CPU.Build.0 = Debug|Any CPU
		{DDE79C12-422C-45C0-B879-3C28DC93BFB4}.Release|Any CPU.ActiveCfg = Release|Any CPU
		{DDE79C12-422C-45C0-B879-3C28DC93BFB4}.Release|Any CPU.Build.0 = Release|Any CPU
		{2F61C0C3-FD28-41C4-A876-7FE859247105}.Debug|Any CPU.ActiveCfg = Debug|Any CPU
		{2F61C0C3-FD28-41C4-A876-7FE859247105}.Debug|Any CPU.Build.0 = Debug|Any CPU
		{2F61C0C3-FD28-41C4-A876-7FE859247105}.Release|Any CPU.ActiveCfg = Release|Any CPU
		{2F61C0C3-FD28-41C4-A876-7FE859247105}.Release|Any CPU.Build.0 = Release|Any CPU
		{8AA6767B-E0B5-4151-B918-E8A65C7AD241}.Debug|Any CPU.ActiveCfg = Debug|Any CPU
		{8AA6767B-E0B5-4151-B918-E8A65C7AD241}.Debug|Any CPU.Build.0 = Debug|Any CPU
		{8AA6767B-E0B5-4151-B918-E8A65C7AD241}.Release|Any CPU.ActiveCfg = Release|Any CPU
		{8AA6767B-E0B5-4151-B918-E8A65C7AD241}.Release|Any CPU.Build.0 = Release|Any CPU
		{A73D6535-E761-4F5C-97AC-47BD66F1209A}.Debug|Any CPU.ActiveCfg = Debug|Any CPU
		{A73D6535-E761-4F5C-97AC-47BD66F1209A}.Debug|Any CPU.Build.0 = Debug|Any CPU
		{A73D6535-E761-4F5C-97AC-47BD66F1209A}.Release|Any CPU.ActiveCfg = Release|Any CPU
		{A73D6535-E761-4F5C-97AC-47BD66F1209A}.Release|Any CPU.Build.0 = Release|Any CPU
		{003871D9-A97A-46F2-80AD-576DB06613C3}.Debug|Any CPU.ActiveCfg = Debug|Any CPU
		{003871D9-A97A-46F2-80AD-576DB06613C3}.Debug|Any CPU.Build.0 = Debug|Any CPU
		{003871D9-A97A-46F2-80AD-576DB06613C3}.Release|Any CPU.ActiveCfg = Release|Any CPU
		{003871D9-A97A-46F2-80AD-576DB06613C3}.Release|Any CPU.Build.0 = Release|Any CPU
		{C219E179-1032-4836-8077-F648AC17B026}.Debug|Any CPU.ActiveCfg = Debug|Any CPU
		{C219E179-1032-4836-8077-F648AC17B026}.Debug|Any CPU.Build.0 = Debug|Any CPU
		{C219E179-1032-4836-8077-F648AC17B026}.Release|Any CPU.ActiveCfg = Release|Any CPU
		{C219E179-1032-4836-8077-F648AC17B026}.Release|Any CPU.Build.0 = Release|Any CPU
		{74D7AF51-9D93-494A-9B4A-C700E92ED875}.Debug|Any CPU.ActiveCfg = Debug|Any CPU
		{74D7AF51-9D93-494A-9B4A-C700E92ED875}.Debug|Any CPU.Build.0 = Debug|Any CPU
		{74D7AF51-9D93-494A-9B4A-C700E92ED875}.Release|Any CPU.ActiveCfg = Release|Any CPU
		{74D7AF51-9D93-494A-9B4A-C700E92ED875}.Release|Any CPU.Build.0 = Release|Any CPU
		{666F9C5C-46EC-4788-B4E3-32D751C12858}.Debug|Any CPU.ActiveCfg = Debug|Any CPU
		{666F9C5C-46EC-4788-B4E3-32D751C12858}.Debug|Any CPU.Build.0 = Debug|Any CPU
		{666F9C5C-46EC-4788-B4E3-32D751C12858}.Release|Any CPU.ActiveCfg = Release|Any CPU
		{666F9C5C-46EC-4788-B4E3-32D751C12858}.Release|Any CPU.Build.0 = Release|Any CPU
	EndGlobalSection
	GlobalSection(SolutionProperties) = preSolution
		HideSolutionNode = FALSE
	EndGlobalSection
	GlobalSection(NestedProjects) = preSolution
		{0813F901-0504-489D-AB8D-128B8EE4485C} = {3405D988-1D8F-40D1-A490-310A539EC88B}
		{5500B16D-49BC-49E1-BEB9-761CDA8172CE} = {3405D988-1D8F-40D1-A490-310A539EC88B}
		{DDE79C12-422C-45C0-B879-3C28DC93BFB4} = {3405D988-1D8F-40D1-A490-310A539EC88B}
		{2F61C0C3-FD28-41C4-A876-7FE859247105} = {3405D988-1D8F-40D1-A490-310A539EC88B}
		{8AA6767B-E0B5-4151-B918-E8A65C7AD241} = {3405D988-1D8F-40D1-A490-310A539EC88B}
		{A73D6535-E761-4F5C-97AC-47BD66F1209A} = {3405D988-1D8F-40D1-A490-310A539EC88B}
		{003871D9-A97A-46F2-80AD-576DB06613C3} = {3405D988-1D8F-40D1-A490-310A539EC88B}
		{C219E179-1032-4836-8077-F648AC17B026} = {3405D988-1D8F-40D1-A490-310A539EC88B}
		{74D7AF51-9D93-494A-9B4A-C700E92ED875} = {3405D988-1D8F-40D1-A490-310A539EC88B}
		{666F9C5C-46EC-4788-B4E3-32D751C12858} = {3405D988-1D8F-40D1-A490-310A539EC88B}
	EndGlobalSection
	GlobalSection(ExtensibilityGlobals) = postSolution
		SolutionGuid = {FBB6A4C7-BCD6-45BD-A659-7BADD859E7D4}
	EndGlobalSection
EndGlobal
